// !$*UTF8*$!
{
	archiveVersion = 1;
	classes = {
	};
	objectVersion = 46;
	objects = {

/* Begin PBXBuildFile section */
		1475274D19E567B200609C08 /* main.m in Sources */ = {isa = PBXBuildFile; fileRef = 1475274C19E567B200609C08 /* main.m */; };
		1475275619E567B200609C08 /* Main.storyboard in Resources */ = {isa = PBXBuildFile; fileRef = 1475275419E567B200609C08 /* Main.storyboard */; };
		1475275819E567B200609C08 /* Images.xcassets in Resources */ = {isa = PBXBuildFile; fileRef = 1475275719E567B200609C08 /* Images.xcassets */; };
		1475275B19E567B200609C08 /* LaunchScreen.xib in Resources */ = {isa = PBXBuildFile; fileRef = 1475275919E567B200609C08 /* LaunchScreen.xib */; };
		1475276719E567B200609C08 /* ReusableTableViewCellTests.m in Sources */ = {isa = PBXBuildFile; fileRef = 1475276619E567B200609C08 /* ReusableTableViewCellTests.m */; };
		1475277619E5680300609C08 /* AppDelegate.m in Sources */ = {isa = PBXBuildFile; fileRef = 1475277119E5680300609C08 /* AppDelegate.m */; };
		1475277719E5680300609C08 /* CustomCell.m in Sources */ = {isa = PBXBuildFile; fileRef = 1475277319E5680300609C08 /* CustomCell.m */; };
		1475277819E5680300609C08 /* CustomTableViewController.m in Sources */ = {isa = PBXBuildFile; fileRef = 1475277519E5680300609C08 /* CustomTableViewController.m */; };
/* End PBXBuildFile section */

/* Begin PBXContainerItemProxy section */
		1475276119E567B200609C08 /* PBXContainerItemProxy */ = {
			isa = PBXContainerItemProxy;
			containerPortal = 1475273F19E567B200609C08 /* Project object */;
			proxyType = 1;
			remoteGlobalIDString = 1475274619E567B200609C08;
			remoteInfo = ReusableTableViewCell;
		};
/* End PBXContainerItemProxy section */

/* Begin PBXFileReference section */
		1475274719E567B200609C08 /* ReusableTableViewCell.app */ = {isa = PBXFileReference; explicitFileType = wrapper.application; includeInIndex = 0; path = ReusableTableViewCell.app; sourceTree = BUILT_PRODUCTS_DIR; };
		1475274B19E567B200609C08 /* Info.plist */ = {isa = PBXFileReference; lastKnownFileType = text.plist.xml; path = Info.plist; sourceTree = "<group>"; };
		1475274C19E567B200609C08 /* main.m */ = {isa = PBXFileReference; lastKnownFileType = sourcecode.c.objc; path = main.m; sourceTree = "<group>"; };
		1475275519E567B200609C08 /* Base */ = {isa = PBXFileReference; lastKnownFileType = file.storyboard; name = Base; path = Base.lproj/Main.storyboard; sourceTree = "<group>"; };
		1475275719E567B200609C08 /* Images.xcassets */ = {isa = PBXFileReference; lastKnownFileType = folder.assetcatalog; path = Images.xcassets; sourceTree = "<group>"; };
		1475275A19E567B200609C08 /* Base */ = {isa = PBXFileReference; lastKnownFileType = file.xib; name = Base; path = Base.lproj/LaunchScreen.xib; sourceTree = "<group>"; };
		1475276019E567B200609C08 /* ReusableTableViewCellTests.xctest */ = {isa = PBXFileReference; explicitFileType = wrapper.cfbundle; includeInIndex = 0; path = ReusableTableViewCellTests.xctest; sourceTree = BUILT_PRODUCTS_DIR; };
		1475276519E567B200609C08 /* Info.plist */ = {isa = PBXFileReference; lastKnownFileType = text.plist.xml; path = Info.plist; sourceTree = "<group>"; };
		1475276619E567B200609C08 /* ReusableTableViewCellTests.m */ = {isa = PBXFileReference; lastKnownFileType = sourcecode.c.objc; path = ReusableTableViewCellTests.m; sourceTree = "<group>"; };
		1475277019E5680300609C08 /* AppDelegate.h */ = {isa = PBXFileReference; fileEncoding = 4; lastKnownFileType = sourcecode.c.h; path = AppDelegate.h; sourceTree = "<group>"; };
		1475277119E5680300609C08 /* AppDelegate.m */ = {isa = PBXFileReference; fileEncoding = 4; lastKnownFileType = sourcecode.c.objc; path = AppDelegate.m; sourceTree = "<group>"; };
		1475277219E5680300609C08 /* CustomCell.h */ = {isa = PBXFileReference; fileEncoding = 4; lastKnownFileType = sourcecode.c.h; path = CustomCell.h; sourceTree = "<group>"; };
		1475277319E5680300609C08 /* CustomCell.m */ = {isa = PBXFileReference; fileEncoding = 4; lastKnownFileType = sourcecode.c.objc; path = CustomCell.m; sourceTree = "<group>"; };
		1475277419E5680300609C08 /* CustomTableViewController.h */ = {isa = PBXFileReference; fileEncoding = 4; lastKnownFileType = sourcecode.c.h; path = CustomTableViewController.h; sourceTree = "<group>"; };
		1475277519E5680300609C08 /* CustomTableViewController.m */ = {isa = PBXFileReference; fileEncoding = 4; lastKnownFileType = sourcecode.c.objc; path = CustomTableViewController.m; sourceTree = "<group>"; };
/* End PBXFileReference section */

/* Begin PBXFrameworksBuildPhase section */
		1475274419E567B200609C08 /* Frameworks */ = {
			isa = PBXFrameworksBuildPhase;
			buildActionMask = 2147483647;
			files = (
			);
			runOnlyForDeploymentPostprocessing = 0;
		};
		1475275D19E567B200609C08 /* Frameworks */ = {
			isa = PBXFrameworksBuildPhase;
			buildActionMask = 2147483647;
			files = (
			);
			runOnlyForDeploymentPostprocessing = 0;
		};
/* End PBXFrameworksBuildPhase section */

/* Begin PBXGroup section */
		1475273E19E567B200609C08 = {
			isa = PBXGroup;
			children = (
				1475274919E567B200609C08 /* ReusableTableViewCell */,
				1475276319E567B200609C08 /* ReusableTableViewCellTests */,
				1475274819E567B200609C08 /* Products */,
			);
			sourceTree = "<group>";
		};
		1475274819E567B200609C08 /* Products */ = {
			isa = PBXGroup;
			children = (
				1475274719E567B200609C08 /* ReusableTableViewCell.app */,
				1475276019E567B200609C08 /* ReusableTableViewCellTests.xctest */,
			);
			name = Products;
			sourceTree = "<group>";
		};
		1475274919E567B200609C08 /* ReusableTableViewCell */ = {
			isa = PBXGroup;
			children = (
				1475277019E5680300609C08 /* AppDelegate.h */,
				1475277119E5680300609C08 /* AppDelegate.m */,
				1475277219E5680300609C08 /* CustomCell.h */,
				1475277319E5680300609C08 /* CustomCell.m */,
				1475277419E5680300609C08 /* CustomTableViewController.h */,
				1475277519E5680300609C08 /* CustomTableViewController.m */,
				1475275419E567B200609C08 /* Main.storyboard */,
				1475275719E567B200609C08 /* Images.xcassets */,
				1475275919E567B200609C08 /* LaunchScreen.xib */,
				1475274A19E567B200609C08 /* Supporting Files */,
			);
			path = ReusableTableViewCell;
			sourceTree = "<group>";
		};
		1475274A19E567B200609C08 /* Supporting Files */ = {
			isa = PBXGroup;
			children = (
				1475274B19E567B200609C08 /* Info.plist */,
				1475274C19E567B200609C08 /* main.m */,
			);
			name = "Supporting Files";
			sourceTree = "<group>";
		};
		1475276319E567B200609C08 /* ReusableTableViewCellTests */ = {
			isa = PBXGroup;
			children = (
				1475276619E567B200609C08 /* ReusableTableViewCellTests.m */,
				1475276419E567B200609C08 /* Supporting Files */,
			);
			path = ReusableTableViewCellTests;
			sourceTree = "<group>";
		};
		1475276419E567B200609C08 /* Supporting Files */ = {
			isa = PBXGroup;
			children = (
				1475276519E567B200609C08 /* Info.plist */,
			);
			name = "Supporting Files";
			sourceTree = "<group>";
		};
/* End PBXGroup section */

/* Begin PBXNativeTarget section */
		1475274619E567B200609C08 /* ReusableTableViewCell */ = {
			isa = PBXNativeTarget;
			buildConfigurationList = 1475276A19E567B200609C08 /* Build configuration list for PBXNativeTarget "ReusableTableViewCell" */;
			buildPhases = (
				1475274319E567B200609C08 /* Sources */,
				1475274419E567B200609C08 /* Frameworks */,
				1475274519E567B200609C08 /* Resources */,
			);
			buildRules = (
			);
			dependencies = (
			);
			name = ReusableTableViewCell;
			productName = ReusableTableViewCell;
			productReference = 1475274719E567B200609C08 /* ReusableTableViewCell.app */;
			productType = "com.apple.product-type.application";
		};
		1475275F19E567B200609C08 /* ReusableTableViewCellTests */ = {
			isa = PBXNativeTarget;
			buildConfigurationList = 1475276D19E567B200609C08 /* Build configuration list for PBXNativeTarget "ReusableTableViewCellTests" */;
			buildPhases = (
				1475275C19E567B200609C08 /* Sources */,
				1475275D19E567B200609C08 /* Frameworks */,
				1475275E19E567B200609C08 /* Resources */,
			);
			buildRules = (
			);
			dependencies = (
				1475276219E567B200609C08 /* PBXTargetDependency */,
			);
			name = ReusableTableViewCellTests;
			productName = ReusableTableViewCellTests;
			productReference = 1475276019E567B200609C08 /* ReusableTableViewCellTests.xctest */;
			productType = "com.apple.product-type.bundle.unit-test";
		};
/* End PBXNativeTarget section */

/* Begin PBXProject section */
		1475273F19E567B200609C08 /* Project object */ = {
			isa = PBXProject;
			attributes = {
				LastUpgradeCheck = 0600;
				ORGANIZATIONNAME = self;
				TargetAttributes = {
					1475274619E567B200609C08 = {
						CreatedOnToolsVersion = 6.0.1;
					};
					1475275F19E567B200609C08 = {
						CreatedOnToolsVersion = 6.0.1;
						TestTargetID = 1475274619E567B200609C08;
					};
				};
			};
			buildConfigurationList = 1475274219E567B200609C08 /* Build configuration list for PBXProject "ReusableTableViewCell" */;
			compatibilityVersion = "Xcode 3.2";
			developmentRegion = English;
			hasScannedForEncodings = 0;
			knownRegions = (
				en,
				Base,
			);
			mainGroup = 1475273E19E567B200609C08;
			productRefGroup = 1475274819E567B200609C08 /* Products */;
			projectDirPath = "";
			projectRoot = "";
			targets = (
				1475274619E567B200609C08 /* ReusableTableViewCell */,
				1475275F19E567B200609C08 /* ReusableTableViewCellTests */,
			);
		};
/* End PBXProject section */

/* Begin PBXResourcesBuildPhase section */
		1475274519E567B200609C08 /* Resources */ = {
			isa = PBXResourcesBuildPhase;
			buildActionMask = 2147483647;
			files = (
				1475275619E567B200609C08 /* Main.storyboard in Resources */,
				1475275B19E567B200609C08 /* LaunchScreen.xib in Resources */,
				1475275819E567B200609C08 /* Images.xcassets in Resources */,
			);
			runOnlyForDeploymentPostprocessing = 0;
		};
		1475275E19E567B200609C08 /* Resources */ = {
			isa = PBXResourcesBuildPhase;
			buildActionMask = 2147483647;
			files = (
			);
			runOnlyForDeploymentPostprocessing = 0;
		};
/* End PBXResourcesBuildPhase section */

/* Begin PBXSourcesBuildPhase section */
		1475274319E567B200609C08 /* Sources */ = {
			isa = PBXSourcesBuildPhase;
			buildActionMask = 2147483647;
			files = (
				1475277819E5680300609C08 /* CustomTableViewController.m in Sources */,
				1475277619E5680300609C08 /* AppDelegate.m in Sources */,
				1475274D19E567B200609C08 /* main.m in Sources */,
				1475277719E5680300609C08 /* CustomCell.m in Sources */,
			);
			runOnlyForDeploymentPostprocessing = 0;
		};
		1475275C19E567B200609C08 /* Sources */ = {
			isa = PBXSourcesBuildPhase;
			buildActionMask = 2147483647;
			files = (
				1475276719E567B200609C08 /* ReusableTableViewCellTests.m in Sources */,
			);
			runOnlyForDeploymentPostprocessing = 0;
		};
/* End PBXSourcesBuildPhase section */

/* Begin PBXTargetDependency section */
		1475276219E567B200609C08 /* PBXTargetDependency */ = {
			isa = PBXTargetDependency;
			target = 1475274619E567B200609C08 /* ReusableTableViewCell */;
			targetProxy = 1475276119E567B200609C08 /* PBXContainerItemProxy */;
		};
/* End PBXTargetDependency section */

/* Begin PBXVariantGroup section */
		1475275419E567B200609C08 /* Main.storyboard */ = {
			isa = PBXVariantGroup;
			children = (
				1475275519E567B200609C08 /* Base */,
			);
			name = Main.storyboard;
			sourceTree = "<group>";
		};
		1475275919E567B200609C08 /* LaunchScreen.xib */ = {
			isa = PBXVariantGroup;
			children = (
				1475275A19E567B200609C08 /* Base */,
			);
			name = LaunchScreen.xib;
			sourceTree = "<group>";
		};
/* End PBXVariantGroup section */

/* Begin XCBuildConfiguration section */
		1475276819E567B200609C08 /* Debug */ = {
			isa = XCBuildConfiguration;
			buildSettings = {
				ALWAYS_SEARCH_USER_PATHS = NO;
				CLANG_CXX_LANGUAGE_STANDARD = "gnu++0x";
				CLANG_CXX_LIBRARY = "libc++";
				CLANG_ENABLE_MODULES = YES;
				CLANG_ENABLE_OBJC_ARC = YES;
				CLANG_WARN_BOOL_CONVERSION = YES;
				CLANG_WARN_CONSTANT_CONVERSION = YES;
				CLANG_WARN_DIRECT_OBJC_ISA_USAGE = YES_ERROR;
				CLANG_WARN_EMPTY_BODY = YES;
				CLANG_WARN_ENUM_CONVERSION = YES;
				CLANG_WARN_INT_CONVERSION = YES;
				CLANG_WARN_OBJC_ROOT_CLASS = YES_ERROR;
				CLANG_WARN_UNREACHABLE_CODE = YES;
				CLANG_WARN__DUPLICATE_METHOD_MATCH = YES;
				"CODE_SIGN_IDENTITY[sdk=iphoneos*]" = "iPhone Developer";
				COPY_PHASE_STRIP = NO;
				ENABLE_STRICT_OBJC_MSGSEND = YES;
				GCC_C_LANGUAGE_STANDARD = gnu99;
				GCC_DYNAMIC_NO_PIC = NO;
				GCC_OPTIMIZATION_LEVEL = 0;
				GCC_PREPROCESSOR_DEFINITIONS = (
					"DEBUG=1",
					"$(inherited)",
				);
				GCC_SYMBOLS_PRIVATE_EXTERN = NO;
				GCC_WARN_64_TO_32_BIT_CONVERSION = YES;
				GCC_WARN_ABOUT_RETURN_TYPE = YES_ERROR;
				GCC_WARN_UNDECLARED_SELECTOR = YES;
				GCC_WARN_UNINITIALIZED_AUTOS = YES_AGGRESSIVE;
				GCC_WARN_UNUSED_FUNCTION = YES;
				GCC_WARN_UNUSED_VARIABLE = YES;
				IPHONEOS_DEPLOYMENT_TARGET = 8.0;
				MTL_ENABLE_DEBUG_INFO = YES;
				ONLY_ACTIVE_ARCH = YES;
				SDKROOT = iphoneos;
				TARGETED_DEVICE_FAMILY = "1,2";
			};
			name = Debug;
		};
		1475276919E567B200609C08 /* Release */ = {
			isa = XCBuildConfiguration;
			buildSettings = {
				ALWAYS_SEARCH_USER_PATHS = NO;
				CLANG_CXX_LANGUAGE_STANDARD = "gnu++0x";
				CLANG_CXX_LIBRARY = "libc++";
				CLANG_ENABLE_MODULES = YES;
				CLANG_ENABLE_OBJC_ARC = YES;
				CLANG_WARN_BOOL_CONVERSION = YES;
				CLANG_WARN_CONSTANT_CONVERSION = YES;
				CLANG_WARN_DIRECT_OBJC_ISA_USAGE = YES_ERROR;
				CLANG_WARN_EMPTY_BODY = YES;
				CLANG_WARN_ENUM_CONVERSION = YES;
				CLANG_WARN_INT_CONVERSION = YES;
				CLANG_WARN_OBJC_ROOT_CLASS = YES_ERROR;
				CLANG_WARN_UNREACHABLE_CODE = YES;
				CLANG_WARN__DUPLICATE_METHOD_MATCH = YES;
				"CODE_SIGN_IDENTITY[sdk=iphoneos*]" = "iPhone Developer";
				COPY_PHASE_STRIP = YES;
				ENABLE_NS_ASSERTIONS = NO;
				ENABLE_STRICT_OBJC_MSGSEND = YES;
				GCC_C_LANGUAGE_STANDARD = gnu99;
				GCC_WARN_64_TO_32_BIT_CONVERSION = YES;
				GCC_WARN_ABOUT_RETURN_TYPE = YES_ERROR;
				GCC_WARN_UNDECLARED_SELECTOR = YES;
				GCC_WARN_UNINITIALIZED_AUTOS = YES_AGGRESSIVE;
				GCC_WARN_UNUSED_FUNCTION = YES;
				GCC_WARN_UNUSED_VARIABLE = YES;
				IPHONEOS_DEPLOYMENT_TARGET = 8.0;
				MTL_ENABLE_DEBUG_INFO = NO;
				SDKROOT = iphoneos;
				TARGETED_DEVICE_FAMILY = "1,2";
				VALIDATE_PRODUCT = YES;
			};
			name = Release;
		};
		1475276B19E567B200609C08 /* Debug */ = {
			isa = XCBuildConfiguration;
			buildSettings = {
				ASSETCATALOG_COMPILER_APPICON_NAME = AppIcon;
				INFOPLIST_FILE = ReusableTableViewCell/Info.plist;
				LD_RUNPATH_SEARCH_PATHS = "$(inherited) @executable_path/Frameworks";
				PRODUCT_NAME = "$(TARGET_NAME)";
			};
			name = Debug;
		};
		1475276C19E567B200609C08 /* Release */ = {
			isa = XCBuildConfiguration;
			buildSettings = {
				ASSETCATALOG_COMPILER_APPICON_NAME = AppIcon;
				INFOPLIST_FILE = ReusableTableViewCell/Info.plist;
				LD_RUNPATH_SEARCH_PATHS = "$(inherited) @executable_path/Frameworks";
				PRODUCT_NAME = "$(TARGET_NAME)";
			};
			name = Release;
		};
		1475276E19E567B200609C08 /* Debug */ = {
			isa = XCBuildConfiguration;
			buildSettings = {
				BUNDLE_LOADER = "$(TEST_HOST)";
				FRAMEWORK_SEARCH_PATHS = (
					"$(SDKROOT)/Developer/Library/Frameworks",
					"$(inherited)",
				);
				GCC_PREPROCESSOR_DEFINITIONS = (
					"DEBUG=1",
					"$(inherited)",
				);
				INFOPLIST_FILE = ReusableTableViewCellTests/Info.plist;
				LD_RUNPATH_SEARCH_PATHS = "$(inherited) @executable_path/Frameworks @loader_path/Frameworks";
				PRODUCT_NAME = "$(TARGET_NAME)";
				TEST_HOST = "$(BUILT_PRODUCTS_DIR)/ReusableTableViewCell.app/ReusableTableViewCell";
			};
			name = Debug;
		};
		1475276F19E567B200609C08 /* Release */ = {
			isa = XCBuildConfiguration;
			buildSettings = {
				BUNDLE_LOADER = "$(TEST_HOST)";
				FRAMEWORK_SEARCH_PATHS = (
					"$(SDKROOT)/Developer/Library/Frameworks",
					"$(inherited)",
				);
				INFOPLIST_FILE = ReusableTableViewCellTests/Info.plist;
				LD_RUNPATH_SEARCH_PATHS = "$(inherited) @executable_path/Frameworks @loader_path/Frameworks";
				PRODUCT_NAME = "$(TARGET_NAME)";
				TEST_HOST = "$(BUILT_PRODUCTS_DIR)/ReusableTableViewCell.app/ReusableTableViewCell";
			};
			name = Release;
		};
/* End XCBuildConfiguration section */

/* Begin XCConfigurationList section */
		1475274219E567B200609C08 /* Build configuration list for PBXProject "ReusableTableViewCell" */ = {
			isa = XCConfigurationList;
			buildConfigurations = (
				1475276819E567B200609C08 /* Debug */,
				1475276919E567B200609C08 /* Release */,
			);
			defaultConfigurationIsVisible = 0;
			defaultConfigurationName = Release;
		};
		1475276A19E567B200609C08 /* Build configuration list for PBXNativeTarget "ReusableTableViewCell" */ = {
			isa = XCConfigurationList;
			buildConfigurations = (
				1475276B19E567B200609C08 /* Debug */,
				1475276C19E567B200609C08 /* Release */,
			);
			defaultConfigurationIsVisible = 0;
			defaultConfigurationName = Release;
		};
		1475276D19E567B200609C08 /* Build configuration list for PBXNativeTarget "ReusableTableViewCellTests" */ = {
			isa = XCConfigurationList;
			buildConfigurations = (
				1475276E19E567B200609C08 /* Debug */,
				1475276F19E567B200609C08 /* Release */,
			);
			defaultConfigurationIsVisible = 0;
			defaultConfigurationName = Release;
		};
/* End XCConfigurationList section */
	};
	rootObject = 1475273F19E567B200609C08 /* Project object */;
}
